{
    "_readme": [
        "This file locks the dependencies of your project to a known state",
        "Read more about it at https://getcomposer.org/doc/01-basic-usage.md#installing-dependencies",
        "This file is @generated automatically"
    ],
    "content-hash": "1452348237d38e2c78c94e4ecb4307f3",
    "packages": [
        {
            "name": "composer/installers",
            "version": "v2.1.1",
            "source": {
                "type": "git",
                "url": "https://github.com/composer/installers.git",
                "reference": "af93ba6e52236418f07a278033eba6959ee5b983"
            },
            "dist": {
                "type": "zip",
                "url": "https://api.github.com/repos/composer/installers/zipball/af93ba6e52236418f07a278033eba6959ee5b983",
                "reference": "af93ba6e52236418f07a278033eba6959ee5b983",
                "shasum": ""
            },
            "require": {
                "composer-plugin-api": "^1.0 || ^2.0",
                "php": "^7.2 || ^8.0"
            },
            "require-dev": {
                "composer/composer": "1.6.* || ^2.0",
                "composer/semver": "^1 || ^3",
                "phpstan/phpstan": "^0.12.55",
                "phpstan/phpstan-phpunit": "^0.12.16",
                "symfony/phpunit-bridge": "^5.3",
                "symfony/process": "^5"
            },
            "type": "composer-plugin",
            "extra": {
                "class": "Composer\\Installers\\Plugin",
                "branch-alias": {
                    "dev-main": "2.x-dev"
                },
                "plugin-modifies-install-path": true
            },
            "autoload": {
                "psr-4": {
                    "Composer\\Installers\\": "src/Composer/Installers"
                }
            },
            "notification-url": "https://packagist.org/downloads/",
            "license": [
                "MIT"
            ],
            "authors": [
                {
                    "name": "Kyle Robinson Young",
                    "email": "kyle@dontkry.com",
                    "homepage": "https://github.com/shama"
                }
            ],
            "description": "A multi-framework Composer library installer",
            "homepage": "https://composer.github.io/installers/",
            "keywords": [
                "Dolibarr",
                "Eliasis",
                "Hurad",
                "ImageCMS",
                "Kanboard",
                "Lan Management System",
                "MODX Evo",
                "MantisBT",
                "Mautic",
                "Maya",
                "OXID",
                "Plentymarkets",
                "Porto",
                "RadPHP",
                "SMF",
                "Starbug",
                "Thelia",
                "Whmcs",
                "WolfCMS",
                "agl",
                "annotatecms",
                "attogram",
                "bitrix",
                "cakephp",
                "chef",
                "cockpit",
                "codeigniter",
                "concrete5",
                "croogo",
                "dokuwiki",
                "drupal",
                "eZ Platform",
                "elgg",
                "expressionengine",
                "fuelphp",
                "grav",
                "installer",
                "itop",
                "known",
                "kohana",
                "laravel",
                "lavalite",
                "lithium",
                "magento",
                "majima",
                "mako",
                "mediawiki",
                "miaoxing",
                "modulework",
                "modx",
                "moodle",
                "osclass",
                "pantheon",
                "phpbb",
                "piwik",
                "ppi",
                "processwire",
                "puppet",
                "pxcms",
                "reindex",
                "roundcube",
                "shopware",
                "silverstripe",
                "sydes",
                "sylius",
                "tastyigniter",
                "wordpress",
                "yawik",
                "zend",
                "zikula"
            ],
            "support": {
                "issues": "https://github.com/composer/installers/issues",
                "source": "https://github.com/composer/installers/tree/v2.1.1"
            },
            "funding": [
                {
                    "url": "https://packagist.com",
                    "type": "custom"
                },
                {
                    "url": "https://github.com/composer",
                    "type": "github"
                },
                {
                    "url": "https://tidelift.com/funding/github/packagist/composer/composer",
                    "type": "tidelift"
                }
            ],
            "time": "2022-04-13T09:13:00+00:00"
        },
        {
            "name": "jeroen/file-fetcher",
            "version": "6.1.0",
            "source": {
                "type": "git",
                "url": "https://github.com/JeroenDeDauw/FileFetcher.git",
                "reference": "d38fb0587b52b28bd24fda599f2da69ac8530453"
            },
            "dist": {
                "type": "zip",
                "url": "https://api.github.com/repos/JeroenDeDauw/FileFetcher/zipball/d38fb0587b52b28bd24fda599f2da69ac8530453",
                "reference": "d38fb0587b52b28bd24fda599f2da69ac8530453",
                "shasum": ""
            },
            "require": {
                "php": ">=7.3",
                "psr/log": "~3.0|~2.0|~1.0"
            },
            "require-dev": {
                "jeroen/psr-log-test-doubles": "~3.1",
                "phpstan/phpstan": "~1.6.0",
                "phpunit/phpunit": "~9.5",
                "squizlabs/php_codesniffer": "~3.2",
                "vimeo/psalm": "^4.22.0"
            },
            "suggest": {
                "jeroen/file-fetcher-cache": "Provides a SimpleCache (PSR-16) decorator for file fetchers",
                "jeroen/file-fetcher-stopwatch": "Provides a Symfony Stopwatch decorator for file fetchers"
            },
            "type": "library",
            "extra": {
                "branch-alias": {
                    "dev-master": "6.0.x-dev"
                }
            },
            "autoload": {
                "psr-4": {
                    "FileFetcher\\": "src/"
                }
            },
            "notification-url": "https://packagist.org/downloads/",
            "license": [
                "BSD-3-Clause"
            ],
            "authors": [
                {
                    "name": "Jeroen De Dauw",
                    "email": "jeroendedauw@gmail.com",
                    "homepage": "https://EntropyWins.wtf",
                    "role": "Developer"
                }
            ],
            "description": "Simple file fetching interface",
            "homepage": "https://github.com/JeroenDeDauw/FileFetcher",
            "keywords": [
                "Test Doubles",
                "curl",
                "file fetcher",
                "file_get_contents",
                "http",
                "http client",
                "http request",
                "interface",
                "mocks",
                "request",
                "spies",
                "stubs",
                "wget"
            ],
            "support": {
                "issues": "https://github.com/JeroenDeDauw/FileFetcher/issues",
                "source": "https://github.com/JeroenDeDauw/FileFetcher/tree/6.1.0"
            },
            "funding": [
                {
                    "url": "https://github.com/JeroenDeDauw",
                    "type": "github"
                }
            ],
            "time": "2022-04-26T17:29:31+00:00"
        },
        {
            "name": "mediawiki/bootstrap",
            "version": "4.6.0",
            "source": {
                "type": "git",
                "url": "https://github.com/ProfessionalWiki/Bootstrap.git",
                "reference": "d6f59b97a66584bafb0c0f0365063e5b50f215a4"
            },
            "dist": {
                "type": "zip",
                "url": "https://api.github.com/repos/ProfessionalWiki/Bootstrap/zipball/d6f59b97a66584bafb0c0f0365063e5b50f215a4",
                "reference": "d6f59b97a66584bafb0c0f0365063e5b50f215a4",
                "shasum": ""
            },
            "require": {
                "composer/installers": "^2|^1.0.1",
                "mediawiki/scss": "~2.0",
                "php": ">=5.6"
            },
            "require-dev": {
                "mediawiki/mediawiki-codesniffer": "38.0.0",
                "mediawiki/mediawiki-phan-config": "0.11.1",
                "php": ">=7.2"
            },
            "type": "mediawiki-extension",
            "extra": {
                "branch-alias": {
                    "dev-master": "4.x-dev"
                }
            },
            "autoload": {
                "psr-4": {
                    "Bootstrap\\": "src/",
                    "Bootstrap\\Tests\\": "tests/phpunit/"
                }
            },
            "notification-url": "https://packagist.org/downloads/",
            "license": [
                "GPL-3.0-or-later"
            ],
            "authors": [
                {
                    "name": "Stephan Gambke",
                    "email": "s7eph4n@protonmail.com",
                    "role": "Developer"
                },
                {
                    "name": "Professional.Wiki",
                    "email": "info@professional.wiki",
                    "homepage": "https://professional.wiki",
                    "role": "Maintainer"
                }
            ],
            "description": "Provides the Bootstrap 4 web front-end framework to MediaWiki skins and extensions",
            "homepage": "https://www.mediawiki.org/wiki/Extension:Bootstrap",
            "keywords": [
                "bootstrap",
                "extension",
                "mediawiki",
                "twitter",
                "wiki"
            ],
            "support": {
                "docs": "https://github.com/cmln/mw-bootstrap/tree/latest/docs",
                "forum": "https://www.mediawiki.org/wiki/Extension_talk:Bootstrap",
                "irc": "irc://libera.chat:6667/mediawiki",
                "issues": "https://github.com/cmln/mw-bootstrap/issues",
                "rss": "https://github.com/cmln/mw-bootstrap/releases.atom",
                "source": "https://github.com/cmln/mw-bootstrap",
                "wiki": "https://www.mediawiki.org/wiki/Extension:Bootstrap"
            },
            "time": "2022-03-30T15:46:57+00:00"
        },
        {
            "name": "mediawiki/chameleon-skin",
            "version": "4.1.0",
            "source": {
                "type": "git",
                "url": "https://github.com/ProfessionalWiki/chameleon.git",
                "reference": "c67de270cc3b2cebf0bb2676afc9f3d584550aad"
            },
            "dist": {
                "type": "zip",
                "url": "https://api.github.com/repos/ProfessionalWiki/chameleon/zipball/c67de270cc3b2cebf0bb2676afc9f3d584550aad",
                "reference": "c67de270cc3b2cebf0bb2676afc9f3d584550aad",
                "shasum": ""
            },
            "require": {
                "composer/installers": "^2|^1.0.12",
                "ext-dom": "*",
                "ext-filter": "*",
                "jeroen/file-fetcher": "^6|^5|^4.4",
                "mediawiki/bootstrap": "^4.5",
                "php": ">=7.4.3"
            },
            "require-dev": {
                "mediawiki/mediawiki-codesniffer": "38.0.0",
                "mediawiki/mediawiki-phan-config": "0.11.1"
            },
            "type": "mediawiki-skin",
            "extra": {
                "branch-alias": {
                    "dev-master": "4.x-dev"
                }
            },
            "notification-url": "https://packagist.org/downloads/",
            "license": [
                "GPL-3.0-or-later"
            ],
            "authors": [
                {
                    "name": "Stephan Gambke",
                    "email": "s7eph4n@protonmail.com",
                    "role": "Creator"
                },
                {
                    "name": "Professional.Wiki",
                    "email": "info@professional.wiki",
                    "homepage": "https://professional.wiki",
                    "role": "Maintainer"
                }
            ],
            "description": "A highly flexible MediaWiki skin using Bootstrap 4",
            "homepage": "https://github.com/ProfessionalWiki/chameleon",
            "keywords": [
                "bootstrap",
                "mediawiki",
                "skin",
                "twitter",
                "wiki"
            ],
            "support": {
                "docs": "https://github.com/ProfessionalWiki/chameleon",
                "irc": "irc://libera.chat:6667/mediawiki",
                "issues": "https://github.com/ProfessionalWiki/chameleon/issues",
                "source": "https://github.com/ProfessionalWiki/chameleon.git"
            },
            "funding": [
                {
                    "url": "https://github.com/JeroenDeDauw",
                    "type": "github"
                }
            ],
            "time": "2022-03-30T15:34:24+00:00"
        },
        {
            "name": "mediawiki/scss",
            "version": "2.0.7",
            "source": {
                "type": "git",
                "url": "https://github.com/ProfessionalWiki/SCSS.git",
                "reference": "7034b0a3b1d327e3f2e03ca41a4407c4291f1406"
            },
            "dist": {
                "type": "zip",
                "url": "https://api.github.com/repos/ProfessionalWiki/SCSS/zipball/7034b0a3b1d327e3f2e03ca41a4407c4291f1406",
                "reference": "7034b0a3b1d327e3f2e03ca41a4407c4291f1406",
                "shasum": ""
            },
            "require": {
                "php": ">=5.6",
                "scssphp/scssphp": "^1.5.2"
            },
            "type": "library",
            "extra": {
                "branch-alias": {
                    "dev-master": "2.x-dev"
                }
            },
            "autoload": {
                "psr-4": {
                    "SCSS\\": "src/",
                    "SCSS\\Tests\\": "tests/phpunit/"
                }
            },
            "notification-url": "https://packagist.org/downloads/",
            "license": [
                "GPL-3.0-or-later"
            ],
            "authors": [
                {
                    "name": "Stephan Gambke",
                    "email": "s7eph4n@protonmail.com",
                    "role": "Developer"
                },
                {
                    "name": "Professional.Wiki",
                    "email": "info@professional.wiki",
                    "homepage": "https://professional.wiki",
                    "role": "Maintainer"
                }
            ],
            "description": "Allows using SCSS files for MediaWiki styling",
            "homepage": "https://github.com/ProfessionalWiki/SCSS",
            "keywords": [
                "extension",
                "mediawiki",
                "resouce loader",
                "resouceloader",
                "sass",
                "scss",
                "scssphp",
                "wiki"
            ],
            "support": {
                "docs": "https://github.com/ProfessionalWiki/SCSS/tree/latest/docs",
                "irc": "irc://irc.freenode.org/mediawiki",
                "issues": "https://github.com/ProfessionalWiki/SCSS/issues",
                "rss": "https://github.com/ProfessionalWiki/SCSS/releases.atom",
                "source": "https://github.com/ProfessionalWiki/SCSS"
            },
            "funding": [
                {
                    "url": "https://github.com/JeroenDeDauw",
                    "type": "github"
                }
            ],
            "time": "2021-05-18T11:36:27+00:00"
        },
        {
            "name": "psr/log",
            "version": "1.1.4",
            "source": {
                "type": "git",
                "url": "https://github.com/php-fig/log.git",
                "reference": "d49695b909c3b7628b6289db5479a1c204601f11"
            },
            "dist": {
                "type": "zip",
                "url": "https://api.github.com/repos/php-fig/log/zipball/d49695b909c3b7628b6289db5479a1c204601f11",
                "reference": "d49695b909c3b7628b6289db5479a1c204601f11",
                "shasum": ""
            },
            "require": {
                "php": ">=5.3.0"
            },
            "type": "library",
            "extra": {
                "branch-alias": {
                    "dev-master": "1.1.x-dev"
                }
            },
            "autoload": {
                "psr-4": {
                    "Psr\\Log\\": "Psr/Log/"
                }
            },
            "notification-url": "https://packagist.org/downloads/",
            "license": [
                "MIT"
            ],
            "authors": [
                {
                    "name": "PHP-FIG",
                    "homepage": "https://www.php-fig.org/"
                }
            ],
            "description": "Common interface for logging libraries",
            "homepage": "https://github.com/php-fig/log",
            "keywords": [
                "log",
                "psr",
                "psr-3"
            ],
            "support": {
                "source": "https://github.com/php-fig/log/tree/1.1.4"
            },
            "time": "2021-05-03T11:20:27+00:00"
        },
        {
            "name": "scssphp/scssphp",
            "version": "v1.10.3",
            "source": {
                "type": "git",
                "url": "https://github.com/scssphp/scssphp.git",
                "reference": "0f1e1516ed2412ad43e42a6a319e77624ba1f713"
            },
            "dist": {
                "type": "zip",
                "url": "https://api.github.com/repos/scssphp/scssphp/zipball/0f1e1516ed2412ad43e42a6a319e77624ba1f713",
                "reference": "0f1e1516ed2412ad43e42a6a319e77624ba1f713",
                "shasum": ""
            },
            "require": {
                "ext-ctype": "*",
                "ext-json": "*",
                "php": ">=5.6.0"
            },
            "require-dev": {
                "bamarni/composer-bin-plugin": "^1.4",
                "phpunit/phpunit": "^5.7 || ^6.5 || ^7.5 || ^8.3 || ^9.4",
                "sass/sass-spec": "*",
                "squizlabs/php_codesniffer": "~3.5",
                "symfony/phpunit-bridge": "^5.1",
                "thoughtbot/bourbon": "^7.0",
                "twbs/bootstrap": "~5.0",
                "twbs/bootstrap4": "4.6.1",
                "zurb/foundation": "~6.5"
            },
            "suggest": {
                "ext-iconv": "Can be used as fallback when ext-mbstring is not available",
                "ext-mbstring": "For best performance, mbstring should be installed as it is faster than ext-iconv"
            },
            "bin": [
                "bin/pscss"
            ],
            "type": "library",
            "autoload": {
                "psr-4": {
                    "ScssPhp\\ScssPhp\\": "src/"
                }
            },
            "notification-url": "https://packagist.org/downloads/",
            "license": [
                "MIT"
            ],
            "authors": [
                {
                    "name": "Anthon Pang",
                    "email": "apang@softwaredevelopment.ca",
                    "homepage": "https://github.com/robocoder"
                },
                {
                    "name": "Cédric Morin",
                    "email": "cedric@yterium.com",
                    "homepage": "https://github.com/Cerdic"
                }
            ],
            "description": "scssphp is a compiler for SCSS written in PHP.",
            "homepage": "http://scssphp.github.io/scssphp/",
            "keywords": [
                "css",
                "less",
                "sass",
                "scss",
                "stylesheet"
            ],
            "support": {
                "issues": "https://github.com/scssphp/scssphp/issues",
                "source": "https://github.com/scssphp/scssphp/tree/v1.10.3"
            },
            "time": "2022-05-16T07:22:18+00:00"
        }
    ],
    "packages-dev": [],
    "aliases": [],
    "minimum-stability": "stable",
    "stability-flags": [],
    "prefer-stable": false,
    "prefer-lowest": false,
    "platform": [],
    "platform-dev": [],
    "plugin-api-version": "2.2.0"
}
